
Microsoft Visual Studio Solution File, Format Version 12.00
# Visual Studio Version 17
VisualStudioVersion = 17.11.35312.102
MinimumVisualStudioVersion = 10.0.40219.1
Project("{FAE04EC0-301F-11D3-BF4B-00C04F79EFBC}") = "LeetCodeProblems", "LeetCodeProblems.csproj", "{B58E3C5A-F082-408A-9D0B-63C2EA000216}"
EndProject
Global
	GlobalSection(SolutionConfigurationPlatforms) = preSolution
		Debug|Any CPU = Debug|Any CPU
		Release|Any CPU = Release|Any CPU
	EndGlobalSection
	GlobalSection(ProjectConfigurationPlatforms) = postSolution
		{B58E3C5A-F082-408A-9D0B-63C2EA000216}.Debug|Any CPU.ActiveCfg = Debug|Any CPU
		{B58E3C5A-F082-408A-9D0B-63C2EA000216}.Debug|Any CPU.Build.0 = Debug|Any CPU
		{B58E3C5A-F082-408A-9D0B-63C2EA000216}.Release|Any CPU.ActiveCfg = Release|Any CPU
		{B58E3C5A-F082-408A-9D0B-63C2EA000216}.Release|Any CPU.Build.0 = Release|Any CPU
	EndGlobalSection
	GlobalSection(SolutionProperties) = preSolution
		HideSolutionNode = FALSE
	EndGlobalSection
	GlobalSection(ExtensibilityGlobals) = postSolution
		SolutionGuid = {D7775675-2F72-4B56-AA36-6CB47EEE23C9}
	EndGlobalSection
EndGlobal
