
Microsoft Visual Studio Solution File, Format Version 12.00
# Visual Studio Version 17
VisualStudioVersion = 17.11.35327.3
MinimumVisualStudioVersion = 10.0.40219.1
Project("{FAE04EC0-301F-11D3-BF4B-00C04F79EFBC}") = "Lab7", "Lab7.csproj", "{BCCEEC44-4B15-4901-8523-5F6C5EA06946}"
EndProject
Project("{FAE04EC0-301F-11D3-BF4B-00C04F79EFBC}") = "Lab7TEST", "..\Lab7TEST\Lab7TEST.csproj", "{4E12A074-3E66-4AEE-A40A-11726740DD42}"
EndProject
Global
	GlobalSection(SolutionConfigurationPlatforms) = preSolution
		Debug|Any CPU = Debug|Any CPU
		Release|Any CPU = Release|Any CPU
	EndGlobalSection
	GlobalSection(ProjectConfigurationPlatforms) = postSolution
		{BCCEEC44-4B15-4901-8523-5F6C5EA06946}.Debug|Any CPU.ActiveCfg = Debug|Any CPU
		{BCCEEC44-4B15-4901-8523-5F6C5EA06946}.Debug|Any CPU.Build.0 = Debug|Any CPU
		{BCCEEC44-4B15-4901-8523-5F6C5EA06946}.Release|Any CPU.ActiveCfg = Release|Any CPU
		{BCCEEC44-4B15-4901-8523-5F6C5EA06946}.Release|Any CPU.Build.0 = Release|Any CPU
		{4E12A074-3E66-4AEE-A40A-11726740DD42}.Debug|Any CPU.ActiveCfg = Debug|Any CPU
		{4E12A074-3E66-4AEE-A40A-11726740DD42}.Debug|Any CPU.Build.0 = Debug|Any CPU
		{4E12A074-3E66-4AEE-A40A-11726740DD42}.Release|Any CPU.ActiveCfg = Release|Any CPU
		{4E12A074-3E66-4AEE-A40A-11726740DD42}.Release|Any CPU.Build.0 = Release|Any CPU
	EndGlobalSection
	GlobalSection(SolutionProperties) = preSolution
		HideSolutionNode = FALSE
	EndGlobalSection
	GlobalSection(ExtensibilityGlobals) = postSolution
		SolutionGuid = {8A3E9A4C-B83C-4E3F-AFD8-B63C781AFF1E}
	EndGlobalSection
EndGlobal
