
Microsoft Visual Studio Solution File, Format Version 12.00
# Visual Studio Version 17
VisualStudioVersion = 17.11.35312.102
MinimumVisualStudioVersion = 10.0.40219.1
Project("{FAE04EC0-301F-11D3-BF4B-00C04F79EFBC}") = "Lab6SerializationAndRAF", "Lab6SerializationAndRAF.csproj", "{5C63C891-382F-4E1F-B605-3DFB1EDF8058}"
EndProject
Global
	GlobalSection(SolutionConfigurationPlatforms) = preSolution
		Debug|Any CPU = Debug|Any CPU
		Release|Any CPU = Release|Any CPU
	EndGlobalSection
	GlobalSection(ProjectConfigurationPlatforms) = postSolution
		{5C63C891-382F-4E1F-B605-3DFB1EDF8058}.Debug|Any CPU.ActiveCfg = Debug|Any CPU
		{5C63C891-382F-4E1F-B605-3DFB1EDF8058}.Debug|Any CPU.Build.0 = Debug|Any CPU
		{5C63C891-382F-4E1F-B605-3DFB1EDF8058}.Release|Any CPU.ActiveCfg = Release|Any CPU
		{5C63C891-382F-4E1F-B605-3DFB1EDF8058}.Release|Any CPU.Build.0 = Release|Any CPU
	EndGlobalSection
	GlobalSection(SolutionProperties) = preSolution
		HideSolutionNode = FALSE
	EndGlobalSection
	GlobalSection(ExtensibilityGlobals) = postSolution
		SolutionGuid = {166A7FC8-0A97-44A7-A603-C01ACDD29506}
	EndGlobalSection
EndGlobal
