
Microsoft Visual Studio Solution File, Format Version 12.00
# Visual Studio Version 17
VisualStudioVersion = 17.11.35312.102
MinimumVisualStudioVersion = 10.0.40219.1
Project("{FAE04EC0-301F-11D3-BF4B-00C04F79EFBC}") = "LabCreatingExceptions", "LabCreatingExceptions.csproj", "{044A6241-376F-4DA2-B125-109B454791F9}"
EndProject
Global
	GlobalSection(SolutionConfigurationPlatforms) = preSolution
		Debug|Any CPU = Debug|Any CPU
		Release|Any CPU = Release|Any CPU
	EndGlobalSection
	GlobalSection(ProjectConfigurationPlatforms) = postSolution
		{044A6241-376F-4DA2-B125-109B454791F9}.Debug|Any CPU.ActiveCfg = Debug|Any CPU
		{044A6241-376F-4DA2-B125-109B454791F9}.Debug|Any CPU.Build.0 = Debug|Any CPU
		{044A6241-376F-4DA2-B125-109B454791F9}.Release|Any CPU.ActiveCfg = Release|Any CPU
		{044A6241-376F-4DA2-B125-109B454791F9}.Release|Any CPU.Build.0 = Release|Any CPU
	EndGlobalSection
	GlobalSection(SolutionProperties) = preSolution
		HideSolutionNode = FALSE
	EndGlobalSection
	GlobalSection(ExtensibilityGlobals) = postSolution
		SolutionGuid = {EFDD2B2A-44BF-4DF1-901C-E031AEE79124}
	EndGlobalSection
EndGlobal
