
Microsoft Visual Studio Solution File, Format Version 12.00
# Visual Studio Version 17
VisualStudioVersion = 17.11.35327.3
MinimumVisualStudioVersion = 10.0.40219.1
Project("{FAE04EC0-301F-11D3-BF4B-00C04F79EFBC}") = "AssignmentClassesAndInheritance", "AssignmentClassesAndInheritance.csproj", "{608D2D3E-1798-45F8-9568-E64C2ED1DFF1}"
EndProject
Global
	GlobalSection(SolutionConfigurationPlatforms) = preSolution
		Debug|Any CPU = Debug|Any CPU
		Release|Any CPU = Release|Any CPU
	EndGlobalSection
	GlobalSection(ProjectConfigurationPlatforms) = postSolution
		{608D2D3E-1798-45F8-9568-E64C2ED1DFF1}.Debug|Any CPU.ActiveCfg = Debug|Any CPU
		{608D2D3E-1798-45F8-9568-E64C2ED1DFF1}.Debug|Any CPU.Build.0 = Debug|Any CPU
		{608D2D3E-1798-45F8-9568-E64C2ED1DFF1}.Release|Any CPU.ActiveCfg = Release|Any CPU
		{608D2D3E-1798-45F8-9568-E64C2ED1DFF1}.Release|Any CPU.Build.0 = Release|Any CPU
	EndGlobalSection
	GlobalSection(SolutionProperties) = preSolution
		HideSolutionNode = FALSE
	EndGlobalSection
	GlobalSection(ExtensibilityGlobals) = postSolution
		SolutionGuid = {513A7FC6-2023-4CA4-BC08-ACA3862BC5CF}
	EndGlobalSection
EndGlobal
