
Microsoft Visual Studio Solution File, Format Version 12.00
# Visual Studio Version 17
VisualStudioVersion = 17.11.35312.102
MinimumVisualStudioVersion = 10.0.40219.1
Project("{FAE04EC0-301F-11D3-BF4B-00C04F79EFBC}") = "DemoMod9Databases", "DemoMod9Databases.csproj", "{F5860011-741D-4D97-B580-B0E5DBCDFA54}"
EndProject
Global
	GlobalSection(SolutionConfigurationPlatforms) = preSolution
		Debug|Any CPU = Debug|Any CPU
		Release|Any CPU = Release|Any CPU
	EndGlobalSection
	GlobalSection(ProjectConfigurationPlatforms) = postSolution
		{F5860011-741D-4D97-B580-B0E5DBCDFA54}.Debug|Any CPU.ActiveCfg = Debug|Any CPU
		{F5860011-741D-4D97-B580-B0E5DBCDFA54}.Debug|Any CPU.Build.0 = Debug|Any CPU
		{F5860011-741D-4D97-B580-B0E5DBCDFA54}.Release|Any CPU.ActiveCfg = Release|Any CPU
		{F5860011-741D-4D97-B580-B0E5DBCDFA54}.Release|Any CPU.Build.0 = Release|Any CPU
	EndGlobalSection
	GlobalSection(SolutionProperties) = preSolution
		HideSolutionNode = FALSE
	EndGlobalSection
	GlobalSection(ExtensibilityGlobals) = postSolution
		SolutionGuid = {E14713E0-CF3C-45C0-A28F-C2B40CC0EF1C}
	EndGlobalSection
EndGlobal
